github.com/adityatelange/hugo-PaperMod v0.0.0-20220317170305-16293e957831 h1:KKPf/9UYHeLsGUjGX/Qv6oCKNm//BiYLGAkdtyVrjeA=
github.com/adityatelange/hugo-PaperMod v0.0.0-20220317170305-16293e957831/go.mod h1:HCHxNMKYdGafUYjVV3ICiAqznZK2yH0iI53jqcDFDdQ=
github.com/adityatelange/hugo-PaperMod v0.0.0-20220318071256-6a3887f4e036 h1:66steaJc+pogNluz7ZPPUg1J4rYbr9YCEbwPUc5Uh0Q=
github.com/adityatelange/hugo-PaperMod v0.0.0-20220318071256-6a3887f4e036/go.mod h1:HCHxNMKYdGafUYjVV3ICiAqznZK2yH0iI53jqcDFDdQ=
